
Microsoft Visual Studio Solution File, Format Version 12.00
# Visual Studio 2012
Project("{FAE04EC0-301F-11D3-BF4B-00C04F79EFBC}") = "SportClub", "SportClub\SportClub.csproj", "{EA3A11D3-5039-4B55-86E4-47CAE02F5249}"
EndProject
Project("{FAE04EC0-301F-11D3-BF4B-00C04F79EFBC}") = "SportClub.Tests", "SportClub.Tests\SportClub.Tests.csproj", "{A26DB001-86CA-4C0E-B932-7D58C2B3F42C}"
EndProject
Global
	GlobalSection(SolutionConfigurationPlatforms) = preSolution
		Debug|Any CPU = Debug|Any CPU
		Release|Any CPU = Release|Any CPU
	EndGlobalSection
	GlobalSection(ProjectConfigurationPlatforms) = postSolution
		{EA3A11D3-5039-4B55-86E4-47CAE02F5249}.Debug|Any CPU.ActiveCfg = Debug|Any CPU
		{EA3A11D3-5039-4B55-86E4-47CAE02F5249}.Debug|Any CPU.Build.0 = Debug|Any CPU
		{EA3A11D3-5039-4B55-86E4-47CAE02F5249}.Release|Any CPU.ActiveCfg = Release|Any CPU
		{EA3A11D3-5039-4B55-86E4-47CAE02F5249}.Release|Any CPU.Build.0 = Release|Any CPU
		{A26DB001-86CA-4C0E-B932-7D58C2B3F42C}.Debug|Any CPU.ActiveCfg = Debug|Any CPU
		{A26DB001-86CA-4C0E-B932-7D58C2B3F42C}.Debug|Any CPU.Build.0 = Debug|Any CPU
		{A26DB001-86CA-4C0E-B932-7D58C2B3F42C}.Release|Any CPU.ActiveCfg = Release|Any CPU
		{A26DB001-86CA-4C0E-B932-7D58C2B3F42C}.Release|Any CPU.Build.0 = Release|Any CPU
	EndGlobalSection
	GlobalSection(SolutionProperties) = preSolution
		HideSolutionNode = FALSE
	EndGlobalSection
EndGlobal
